// !$*UTF8*$!
{
	archiveVersion = 1;
	classes = {
	};
	objectVersion = 46;
	objects = {

/* Begin PBXBuildFile section */
		DCAF7DC51CD27FF100FB15E9 /* AppDelegate.swift in Sources */ = {isa = PBXBuildFile; fileRef = DCAF7DC41CD27FF100FB15E9 /* AppDelegate.swift */; };
		DCAF7DC71CD27FF100FB15E9 /* ViewController.swift in Sources */ = {isa = PBXBuildFile; fileRef = DCAF7DC61CD27FF100FB15E9 /* ViewController.swift */; };
		DCAF7DCA1CD27FF100FB15E9 /* Main.storyboard in Resources */ = {isa = PBXBuildFile; fileRef = DCAF7DC81CD27FF100FB15E9 /* Main.storyboard */; };
		DCAF7DCC1CD27FF100FB15E9 /* Assets.xcassets in Resources */ = {isa = PBXBuildFile; fileRef = DCAF7DCB1CD27FF100FB15E9 /* Assets.xcassets */; };
		DCAF7DCF1CD27FF100FB15E9 /* LaunchScreen.storyboard in Resources */ = {isa = PBXBuildFile; fileRef = DCAF7DCD1CD27FF100FB15E9 /* LaunchScreen.storyboard */; };
/* End PBXBuildFile section */

/* Begin PBXFileReference section */
		DCAF7DC11CD27FF100FB15E9 /* RodChat.app */ = {isa = PBXFileReference; explicitFileType = wrapper.application; includeInIndex = 0; path = RodChat.app; sourceTree = BUILT_PRODUCTS_DIR; };
		DCAF7DC41CD27FF100FB15E9 /* AppDelegate.swift */ = {isa = PBXFileReference; lastKnownFileType = sourcecode.swift; path = AppDelegate.swift; sourceTree = "<group>"; };
		DCAF7DC61CD27FF100FB15E9 /* ViewController.swift */ = {isa = PBXFileReference; lastKnownFileType = sourcecode.swift; path = ViewController.swift; sourceTree = "<group>"; };
		DCAF7DC91CD27FF100FB15E9 /* Base */ = {isa = PBXFileReference; lastKnownFileType = file.storyboard; name = Base; path = Base.lproj/Main.storyboard; sourceTree = "<group>"; };
		DCAF7DCB1CD27FF100FB15E9 /* Assets.xcassets */ = {isa = PBXFileReference; lastKnownFileType = folder.assetcatalog; path = Assets.xcassets; sourceTree = "<group>"; };
		DCAF7DCE1CD27FF100FB15E9 /* Base */ = {isa = PBXFileReference; lastKnownFileType = file.storyboard; name = Base; path = Base.lproj/LaunchScreen.storyboard; sourceTree = "<group>"; };
		DCAF7DD01CD27FF100FB15E9 /* Info.plist */ = {isa = PBXFileReference; lastKnownFileType = text.plist.xml; path = Info.plist; sourceTree = "<group>"; };
/* End PBXFileReference section */

/* Begin PBXFrameworksBuildPhase section */
		DCAF7DBE1CD27FF100FB15E9 /* Frameworks */ = {
			isa = PBXFrameworksBuildPhase;
			buildActionMask = 2147483647;
			files = (
			);
			runOnlyForDeploymentPostprocessing = 0;
		};
/* End PBXFrameworksBuildPhase section */

/* Begin PBXGroup section */
		DCAF7DB81CD27FF100FB15E9 = {
			isa = PBXGroup;
			children = (
				DCAF7DC31CD27FF100FB15E9 /* RodChat */,
				DCAF7DC21CD27FF100FB15E9 /* Products */,
			);
			sourceTree = "<group>";
		};
		DCAF7DC21CD27FF100FB15E9 /* Products */ = {
			isa = PBXGroup;
			children = (
				DCAF7DC11CD27FF100FB15E9 /* RodChat.app */,
			);
			name = Products;
			sourceTree = "<group>";
		};
		DCAF7DC31CD27FF100FB15E9 /* RodChat */ = {
			isa = PBXGroup;
			children = (
				DCAF7DC41CD27FF100FB15E9 /* AppDelegate.swift */,
				DCAF7DC61CD27FF100FB15E9 /* ViewController.swift */,
				DCAF7DC81CD27FF100FB15E9 /* Main.storyboard */,
				DCAF7DCB1CD27FF100FB15E9 /* Assets.xcassets */,
				DCAF7DCD1CD27FF100FB15E9 /* LaunchScreen.storyboard */,
				DCAF7DD01CD27FF100FB15E9 /* Info.plist */,
			);
			path = RodChat;
			sourceTree = "<group>";
		};
/* End PBXGroup section */

/* Begin PBXNativeTarget section */
		DCAF7DC01CD27FF100FB15E9 /* RodChat */ = {
			isa = PBXNativeTarget;
			buildConfigurationList = DCAF7DD31CD27FF100FB15E9 /* Build configuration list for PBXNativeTarget "RodChat" */;
			buildPhases = (
				DCAF7DBD1CD27FF100FB15E9 /* Sources */,
				DCAF7DBE1CD27FF100FB15E9 /* Frameworks */,
				DCAF7DBF1CD27FF100FB15E9 /* Resources */,
			);
			buildRules = (
			);
			dependencies = (
			);
			name = RodChat;
			productName = RodChat;
			productReference = DCAF7DC11CD27FF100FB15E9 /* RodChat.app */;
			productType = "com.apple.product-type.application";
		};
/* End PBXNativeTarget section */

/* Begin PBXProject section */
		DCAF7DB91CD27FF100FB15E9 /* Project object */ = {
			isa = PBXProject;
			attributes = {
				LastSwiftUpdateCheck = 0730;
				LastUpgradeCheck = 0730;
				ORGANIZATIONNAME = bContext;
				TargetAttributes = {
					DCAF7DC01CD27FF100FB15E9 = {
						CreatedOnToolsVersion = 7.3;
					};
				};
			};
			buildConfigurationList = DCAF7DBC1CD27FF100FB15E9 /* Build configuration list for PBXProject "RodChat" */;
			compatibilityVersion = "Xcode 3.2";
			developmentRegion = English;
			hasScannedForEncodings = 0;
			knownRegions = (
				en,
				Base,
			);
			mainGroup = DCAF7DB81CD27FF100FB15E9;
			productRefGroup = DCAF7DC21CD27FF100FB15E9 /* Products */;
			projectDirPath = "";
			projectRoot = "";
			targets = (
				DCAF7DC01CD27FF100FB15E9 /* RodChat */,
			);
		};
/* End PBXProject section */

/* Begin PBXResourcesBuildPhase section */
		DCAF7DBF1CD27FF100FB15E9 /* Resources */ = {
			isa = PBXResourcesBuildPhase;
			buildActionMask = 2147483647;
			files = (
				DCAF7DCF1CD27FF100FB15E9 /* LaunchScreen.storyboard in Resources */,
				DCAF7DCC1CD27FF100FB15E9 /* Assets.xcassets in Resources */,
				DCAF7DCA1CD27FF100FB15E9 /* Main.storyboard in Resources */,
			);
			runOnlyForDeploymentPostprocessing = 0;
		};
/* End PBXResourcesBuildPhase section */

/* Begin PBXSourcesBuildPhase section */
		DCAF7DBD1CD27FF100FB15E9 /* Sources */ = {
			isa = PBXSourcesBuildPhase;
			buildActionMask = 2147483647;
			files = (
				DCAF7DC71CD27FF100FB15E9 /* ViewController.swift in Sources */,
				DCAF7DC51CD27FF100FB15E9 /* AppDelegate.swift in Sources */,
			);
			runOnlyForDeploymentPostprocessing = 0;
		};
/* End PBXSourcesBuildPhase section */

/* Begin PBXVariantGroup section */
		DCAF7DC81CD27FF100FB15E9 /* Main.storyboard */ = {
			isa = PBXVariantGroup;
			children = (
				DCAF7DC91CD27FF100FB15E9 /* Base */,
			);
			name = Main.storyboard;
			sourceTree = "<group>";
		};
		DCAF7DCD1CD27FF100FB15E9 /* LaunchScreen.storyboard */ = {
			isa = PBXVariantGroup;
			children = (
				DCAF7DCE1CD27FF100FB15E9 /* Base */,
			);
			name = LaunchScreen.storyboard;
			sourceTree = "<group>";
		};
/* End PBXVariantGroup section */

/* Begin XCBuildConfiguration section */
		DCAF7DD11CD27FF100FB15E9 /* Debug */ = {
			isa = XCBuildConfiguration;
			buildSettings = {
				ALWAYS_SEARCH_USER_PATHS = NO;
				CLANG_ANALYZER_NONNULL = YES;
				CLANG_CXX_LANGUAGE_STANDARD = "gnu++0x";
				CLANG_CXX_LIBRARY = "libc++";
				CLANG_ENABLE_MODULES = YES;
				CLANG_ENABLE_OBJC_ARC = YES;
				CLANG_WARN_BOOL_CONVERSION = YES;
				CLANG_WARN_CONSTANT_CONVERSION = YES;
				CLANG_WARN_DIRECT_OBJC_ISA_USAGE = YES_ERROR;
				CLANG_WARN_EMPTY_BODY = YES;
				CLANG_WARN_ENUM_CONVERSION = YES;
				CLANG_WARN_INT_CONVERSION = YES;
				CLANG_WARN_OBJC_ROOT_CLASS = YES_ERROR;
				CLANG_WARN_UNREACHABLE_CODE = YES;
				CLANG_WARN__DUPLICATE_METHOD_MATCH = YES;
				"CODE_SIGN_IDENTITY[sdk=iphoneos*]" = "iPhone Developer";
				COPY_PHASE_STRIP = NO;
				DEBUG_INFORMATION_FORMAT = dwarf;
				ENABLE_STRICT_OBJC_MSGSEND = YES;
				ENABLE_TESTABILITY = YES;
				GCC_C_LANGUAGE_STANDARD = gnu99;
				GCC_DYNAMIC_NO_PIC = NO;
				GCC_NO_COMMON_BLOCKS = YES;
				GCC_OPTIMIZATION_LEVEL = 0;
				GCC_PREPROCESSOR_DEFINITIONS = (
					"DEBUG=1",
					"$(inherited)",
				);
				GCC_WARN_64_TO_32_BIT_CONVERSION = YES;
				GCC_WARN_ABOUT_RETURN_TYPE = YES_ERROR;
				GCC_WARN_UNDECLARED_SELECTOR = YES;
				GCC_WARN_UNINITIALIZED_AUTOS = YES_AGGRESSIVE;
				GCC_WARN_UNUSED_FUNCTION = YES;
				GCC_WARN_UNUSED_VARIABLE = YES;
				IPHONEOS_DEPLOYMENT_TARGET = 9.3;
				MTL_ENABLE_DEBUG_INFO = YES;
				ONLY_ACTIVE_ARCH = YES;
				SDKROOT = iphoneos;
				SWIFT_OPTIMIZATION_LEVEL = "-Onone";
				TARGETED_DEVICE_FAMILY = "1,2";
			};
			name = Debug;
		};
		DCAF7DD21CD27FF100FB15E9 /* Release */ = {
			isa = XCBuildConfiguration;
			buildSettings = {
				ALWAYS_SEARCH_USER_PATHS = NO;
				CLANG_ANALYZER_NONNULL = YES;
				CLANG_CXX_LANGUAGE_STANDARD = "gnu++0x";
				CLANG_CXX_LIBRARY = "libc++";
				CLANG_ENABLE_MODULES = YES;
				CLANG_ENABLE_OBJC_ARC = YES;
				CLANG_WARN_BOOL_CONVERSION = YES;
				CLANG_WARN_CONSTANT_CONVERSION = YES;
				CLANG_WARN_DIRECT_OBJC_ISA_USAGE = YES_ERROR;
				CLANG_WARN_EMPTY_BODY = YES;
				CLANG_WARN_ENUM_CONVERSION = YES;
				CLANG_WARN_INT_CONVERSION = YES;
				CLANG_WARN_OBJC_ROOT_CLASS = YES_ERROR;
				CLANG_WARN_UNREACHABLE_CODE = YES;
				CLANG_WARN__DUPLICATE_METHOD_MATCH = YES;
				"CODE_SIGN_IDENTITY[sdk=iphoneos*]" = "iPhone Developer";
				COPY_PHASE_STRIP = NO;
				DEBUG_INFORMATION_FORMAT = "dwarf-with-dsym";
				ENABLE_NS_ASSERTIONS = NO;
				ENABLE_STRICT_OBJC_MSGSEND = YES;
				GCC_C_LANGUAGE_STANDARD = gnu99;
				GCC_NO_COMMON_BLOCKS = YES;
				GCC_WARN_64_TO_32_BIT_CONVERSION = YES;
				GCC_WARN_ABOUT_RETURN_TYPE = YES_ERROR;
				GCC_WARN_UNDECLARED_SELECTOR = YES;
				GCC_WARN_UNINITIALIZED_AUTOS = YES_AGGRESSIVE;
				GCC_WARN_UNUSED_FUNCTION = YES;
				GCC_WARN_UNUSED_VARIABLE = YES;
				IPHONEOS_DEPLOYMENT_TARGET = 9.3;
				MTL_ENABLE_DEBUG_INFO = NO;
				SDKROOT = iphoneos;
				TARGETED_DEVICE_FAMILY = "1,2";
				VALIDATE_PRODUCT = YES;
			};
			name = Release;
		};
		DCAF7DD41CD27FF100FB15E9 /* Debug */ = {
			isa = XCBuildConfiguration;
			buildSettings = {
				ASSETCATALOG_COMPILER_APPICON_NAME = AppIcon;
				INFOPLIST_FILE = RodChat/Info.plist;
				LD_RUNPATH_SEARCH_PATHS = "$(inherited) @executable_path/Frameworks";
				PRODUCT_BUNDLE_IDENTIFIER = com.bcontext.RodChat;
				PRODUCT_NAME = "$(TARGET_NAME)";
			};
			name = Debug;
		};
		DCAF7DD51CD27FF100FB15E9 /* Release */ = {
			isa = XCBuildConfiguration;
			buildSettings = {
				ASSETCATALOG_COMPILER_APPICON_NAME = AppIcon;
				INFOPLIST_FILE = RodChat/Info.plist;
				LD_RUNPATH_SEARCH_PATHS = "$(inherited) @executable_path/Frameworks";
				PRODUCT_BUNDLE_IDENTIFIER = com.bcontext.RodChat;
				PRODUCT_NAME = "$(TARGET_NAME)";
			};
			name = Release;
		};
/* End XCBuildConfiguration section */

/* Begin XCConfigurationList section */
		DCAF7DBC1CD27FF100FB15E9 /* Build configuration list for PBXProject "RodChat" */ = {
			isa = XCConfigurationList;
			buildConfigurations = (
				DCAF7DD11CD27FF100FB15E9 /* Debug */,
				DCAF7DD21CD27FF100FB15E9 /* Release */,
			);
			defaultConfigurationIsVisible = 0;
			defaultConfigurationName = Release;
		};
		DCAF7DD31CD27FF100FB15E9 /* Build configuration list for PBXNativeTarget "RodChat" */ = {
			isa = XCConfigurationList;
			buildConfigurations = (
				DCAF7DD41CD27FF100FB15E9 /* Debug */,
				DCAF7DD51CD27FF100FB15E9 /* Release */,
			);
			defaultConfigurationIsVisible = 0;
		};
/* End XCConfigurationList section */
	};
	rootObject = DCAF7DB91CD27FF100FB15E9 /* Project object */;
}
